# This file is @generated by PDM.
# It is not intended for manual editing.

[metadata]
groups = ["default", "dev"]
strategy = ["inherit_metadata"]
lock_version = "4.5.0"
content_hash = "sha256:2467c00a1985f1ebea0066ca972ac486d999e9f513087d17613ee6474463bd91"

[[metadata.targets]]
requires_python = "==3.10.*"

[[package]]
name = "apitestgen"
version = "0.1.0"
requires_python = "==3.10.*"
editable = true
path = "."
summary = "Default template for PDM package"
groups = ["dev"]
dependencies = [
    "orjson>=3.11.3",
    "pysimdjson>=7.0.2",
]

[[package]]
name = "colorama"
version = "0.4.6"
requires_python = "!=3.0.*,!=3.1.*,!=3.2.*,!=3.3.*,!=3.4.*,!=3.5.*,!=3.6.*,>=2.7"
summary = "Cross-platform colored terminal text."
groups = ["default"]
marker = "sys_platform == \"win32\""
files = [
    {file = "colorama-0.4.6-py2.py3-none-any.whl", hash = "sha256:4f1d9991f5acc0ca119f9d443620b77f9d6b33703e51011c16baf57afb285fc6"},
    {file = "colorama-0.4.6.tar.gz", hash = "sha256:08695f5cb7ed6e0531a20572697297273c47b8cae5a63ffc6d6ed5c201be6e44"},
]

[[package]]
name = "exceptiongroup"
version = "1.3.0"
requires_python = ">=3.7"
summary = "Backport of PEP 654 (exception groups)"
groups = ["default"]
marker = "python_version < \"3.11\""
dependencies = [
    "typing-extensions>=4.6.0; python_version < \"3.13\"",
]
files = [
    {file = "exceptiongroup-1.3.0-py3-none-any.whl", hash = "sha256:4d111e6e0c13d0644cad6ddaa7ed0261a0b36971f6d23e7ec9b4b9097da78a10"},
    {file = "exceptiongroup-1.3.0.tar.gz", hash = "sha256:b241f5885f560bc56a59ee63ca4c6a8bfa46ae4ad651af316d4e81817bb9fd88"},
]

[[package]]
name = "iniconfig"
version = "2.1.0"
requires_python = ">=3.8"
summary = "brain-dead simple config-ini parsing"
groups = ["default"]
files = [
    {file = "iniconfig-2.1.0-py3-none-any.whl", hash = "sha256:9deba5723312380e77435581c6bf4935c94cbfab9b1ed33ef8d238ea168eb760"},
    {file = "iniconfig-2.1.0.tar.gz", hash = "sha256:3abbd2e30b36733fee78f9c7f7308f2d0050e88f0087fd25c2645f63c773e1c7"},
]

[[package]]
name = "orjson"
version = "3.11.3"
requires_python = ">=3.9"
summary = "Fast, correct Python JSON library supporting dataclasses, datetimes, and numpy"
groups = ["default", "dev"]
files = [
    {file = "orjson-3.11.3-cp310-cp310-macosx_10_15_x86_64.macosx_11_0_arm64.macosx_10_15_universal2.whl", hash = "sha256:29cb1f1b008d936803e2da3d7cba726fc47232c45df531b29edf0b232dd737e7"},
    {file = "orjson-3.11.3-cp310-cp310-manylinux_2_17_aarch64.manylinux2014_aarch64.whl", hash = "sha256:97dceed87ed9139884a55db8722428e27bd8452817fbf1869c58b49fecab1120"},
    {file = "orjson-3.11.3-cp310-cp310-manylinux_2_17_armv7l.manylinux2014_armv7l.whl", hash = "sha256:58533f9e8266cb0ac298e259ed7b4d42ed3fa0b78ce76860626164de49e0d467"},
    {file = "orjson-3.11.3-cp310-cp310-manylinux_2_17_i686.manylinux2014_i686.whl", hash = "sha256:0c212cfdd90512fe722fa9bd620de4d46cda691415be86b2e02243242ae81873"},
    {file = "orjson-3.11.3-cp310-cp310-manylinux_2_17_ppc64le.manylinux2014_ppc64le.whl", hash = "sha256:5ff835b5d3e67d9207343effb03760c00335f8b5285bfceefd4dc967b0e48f6a"},
    {file = "orjson-3.11.3-cp310-cp310-manylinux_2_17_s390x.manylinux2014_s390x.whl", hash = "sha256:f5aa4682912a450c2db89cbd92d356fef47e115dffba07992555542f344d301b"},
    {file = "orjson-3.11.3-cp310-cp310-manylinux_2_17_x86_64.manylinux2014_x86_64.whl", hash = "sha256:d7d18dd34ea2e860553a579df02041845dee0af8985dff7f8661306f95504ddf"},
    {file = "orjson-3.11.3-cp310-cp310-musllinux_1_2_aarch64.whl", hash = "sha256:d8b11701bc43be92ea42bd454910437b355dfb63696c06fe953ffb40b5f763b4"},
    {file = "orjson-3.11.3-cp310-cp310-musllinux_1_2_armv7l.whl", hash = "sha256:90368277087d4af32d38bd55f9da2ff466d25325bf6167c8f382d8ee40cb2bbc"},
    {file = "orjson-3.11.3-cp310-cp310-musllinux_1_2_i686.whl", hash = "sha256:fd7ff459fb393358d3a155d25b275c60b07a2c83dcd7ea962b1923f5a1134569"},
    {file = "orjson-3.11.3-cp310-cp310-musllinux_1_2_x86_64.whl", hash = "sha256:f8d902867b699bcd09c176a280b1acdab57f924489033e53d0afe79817da37e6"},
    {file = "orjson-3.11.3-cp310-cp310-win32.whl", hash = "sha256:bb93562146120bb51e6b154962d3dadc678ed0fce96513fa6bc06599bb6f6edc"},
    {file = "orjson-3.11.3-cp310-cp310-win_amd64.whl", hash = "sha256:976c6f1975032cc327161c65d4194c549f2589d88b105a5e3499429a54479770"},
    {file = "orjson-3.11.3.tar.gz", hash = "sha256:1c0603b1d2ffcd43a411d64797a19556ef76958aef1c182f22dc30860152a98a"},
]

[[package]]
name = "packaging"
version = "25.0"
requires_python = ">=3.8"
summary = "Core utilities for Python packages"
groups = ["default"]
files = [
    {file = "packaging-25.0-py3-none-any.whl", hash = "sha256:29572ef2b1f17581046b3a2227d5c611fb25ec70ca1ba8554b24b0e69331a484"},
    {file = "packaging-25.0.tar.gz", hash = "sha256:d443872c98d677bf60f6a1f2f8c1cb748e8fe762d2bf9d3148b5599295b0fc4f"},
]

[[package]]
name = "pluggy"
version = "1.6.0"
requires_python = ">=3.9"
summary = "plugin and hook calling mechanisms for python"
groups = ["default"]
files = [
    {file = "pluggy-1.6.0-py3-none-any.whl", hash = "sha256:e920276dd6813095e9377c0bc5566d94c932c33b27a3e3945d8389c374dd4746"},
    {file = "pluggy-1.6.0.tar.gz", hash = "sha256:7dcc130b76258d33b90f61b658791dede3486c3e6bfb003ee5c9bfb396dd22f3"},
]

[[package]]
name = "pygments"
version = "2.19.2"
requires_python = ">=3.8"
summary = "Pygments is a syntax highlighting package written in Python."
groups = ["default"]
files = [
    {file = "pygments-2.19.2-py3-none-any.whl", hash = "sha256:86540386c03d588bb81d44bc3928634ff26449851e99741617ecb9037ee5ec0b"},
    {file = "pygments-2.19.2.tar.gz", hash = "sha256:636cb2477cec7f8952536970bc533bc43743542f70392ae026374600add5b887"},
]

[[package]]
name = "pysimdjson"
version = "7.0.2"
requires_python = ">=3.9"
summary = "Add your description here"
groups = ["default", "dev"]
files = [
    {file = "pysimdjson-7.0.2-cp310-cp310-macosx_10_9_universal2.whl", hash = "sha256:b343121a1d3a8cb10b0ce7cea91beb3f022f2d5f5b907ab9fe3fe1d805d7c399"},
    {file = "pysimdjson-7.0.2-cp310-cp310-macosx_10_9_x86_64.whl", hash = "sha256:86f7b8b8d8751b2d72c88dde5883c4de10a55a65ca71368620fba1eac9f32b19"},
    {file = "pysimdjson-7.0.2-cp310-cp310-manylinux_2_17_aarch64.manylinux2014_aarch64.whl", hash = "sha256:ff48a2058d1701e15a550c030a8ac5e1e8534c92ba4ed366b0646b35fc012476"},
    {file = "pysimdjson-7.0.2-cp310-cp310-manylinux_2_17_ppc64le.manylinux2014_ppc64le.whl", hash = "sha256:fd6431d080e7ffe0a2010e4312d565dbd12f0f354819420a2055c97db858b6c6"},
    {file = "pysimdjson-7.0.2-cp310-cp310-manylinux_2_17_x86_64.manylinux2014_x86_64.whl", hash = "sha256:53e58284a7c2992bb7ecf30437c9b1868a0ca91d89e47d2a960b6ca4887d0595"},
    {file = "pysimdjson-7.0.2-cp310-cp310-manylinux_2_5_i686.manylinux1_i686.manylinux_2_17_i686.manylinux2014_i686.whl", hash = "sha256:428761a472ce3e0571c0595eb11a8949ebfd1bfff7c0d1bfcb56e68762ad3084"},
    {file = "pysimdjson-7.0.2-cp310-cp310-musllinux_1_2_aarch64.whl", hash = "sha256:1774f906e7fd0f2eb2fe6cada05e6e6d122852730d4daed6c4e7e1702d51d64e"},
    {file = "pysimdjson-7.0.2-cp310-cp310-musllinux_1_2_i686.whl", hash = "sha256:a8dbd1a1afc0b3967f098ff14b61504540e17cb2d15d6c02c0a668c850e9fa9d"},
    {file = "pysimdjson-7.0.2-cp310-cp310-musllinux_1_2_ppc64le.whl", hash = "sha256:ff6b78652665d8aa33a49dbe8e3c84fbf3164d07428faa221e3e0bf78d50a445"},
    {file = "pysimdjson-7.0.2-cp310-cp310-musllinux_1_2_x86_64.whl", hash = "sha256:4496de7344db7e6bb6bd0b493c97ef308cb8cf7ddcef6f7c97d44fb80696e182"},
    {file = "pysimdjson-7.0.2-cp310-cp310-win32.whl", hash = "sha256:e1d3e74ea16fc6e53373014f7898e0a8ab553959c56187a1765483605287e3fe"},
    {file = "pysimdjson-7.0.2-cp310-cp310-win_amd64.whl", hash = "sha256:bf4df8a38831548984743724c24dcb01829725af559d77cf08d58c1a00c97d1a"},
    {file = "pysimdjson-7.0.2.tar.gz", hash = "sha256:44cf276e48912a3b9c7ca362c14da8420a7ac15a9f1a16ec95becff86db3904a"},
]

[[package]]
name = "pytest"
version = "8.4.2"
requires_python = ">=3.9"
summary = "pytest: simple powerful testing with Python"
groups = ["default"]
dependencies = [
    "colorama>=0.4; sys_platform == \"win32\"",
    "exceptiongroup>=1; python_version < \"3.11\"",
    "iniconfig>=1",
    "packaging>=20",
    "pluggy<2,>=1.5",
    "pygments>=2.7.2",
    "tomli>=1; python_version < \"3.11\"",
]
files = [
    {file = "pytest-8.4.2-py3-none-any.whl", hash = "sha256:872f880de3fc3a5bdc88a11b39c9710c3497a547cfa9320bc3c5e62fbf272e79"},
    {file = "pytest-8.4.2.tar.gz", hash = "sha256:86c0d0b93306b961d58d62a4db4879f27fe25513d4b969df351abdddb3c30e01"},
]

[[package]]
name = "tomli"
version = "2.2.1"
requires_python = ">=3.8"
summary = "A lil' TOML parser"
groups = ["default"]
marker = "python_version < \"3.11\""
files = [
    {file = "tomli-2.2.1-py3-none-any.whl", hash = "sha256:cb55c73c5f4408779d0cf3eef9f762b9c9f147a77de7b258bef0a5628adc85cc"},
    {file = "tomli-2.2.1.tar.gz", hash = "sha256:cd45e1dc79c835ce60f7404ec8119f2eb06d38b1deba146f07ced3bbc44505ff"},
]

[[package]]
name = "typing-extensions"
version = "4.15.0"
requires_python = ">=3.9"
summary = "Backported and Experimental Type Hints for Python 3.9+"
groups = ["default"]
marker = "python_version < \"3.11\""
files = [
    {file = "typing_extensions-4.15.0-py3-none-any.whl", hash = "sha256:f0fa19c6845758ab08074a0cfa8b7aecb71c999ca73d62883bc25cc018c4e548"},
    {file = "typing_extensions-4.15.0.tar.gz", hash = "sha256:0cea48d173cc12fa28ecabc3b837ea3cf6f38c6d1136f85cbaaf598984861466"},
]
